{
  "object": {
    "pins": [
      {
        "package": "Rainbow",
        "repositoryURL": "https://github.com/onevcat/Rainbow.git",
        "state": {
          "branch": null,
          "revision": "9c52c1952e9b2305d4507cf473392ac2d7c9b155",
          "version": "3.1.5"
        }
      },
      {
        "package": "swift-argument-parser",
        "repositoryURL": "https://github.com/apple/swift-argument-parser",
        "state": {
          "branch": null,
          "revision": "9f39744e025c7d377987f30b03770805dcb0bcd1",
          "version": "1.1.4"
        }
      },
      {
        "package": "SwiftFormat",
        "repositoryURL": "https://github.com/nicklockwood/SwiftFormat",
        "state": {
          "branch": null,
          "revision": "34cd9dd87b78048ce0d623a9153f9bf260ad6590",
          "version": "0.50.7"
        }
      },
      {
        "package": "SwiftSoup",
        "repositoryURL": "https://github.com/scinfu/SwiftSoup.git",
        "state": {
          "branch": null,
          "revision": "6778575285177365cbad3e5b8a72f2a20583cfec",
          "version": "2.4.3"
        }
      },
      {
        "package": "XCResultKit",
        "repositoryURL": "https://github.com/davidahouse/XCResultKit.git",
        "state": {
          "branch": null,
          "revision": "63a93e454e30084b8948cba0ee42112fca1f6010",
          "version": "1.2.0"
        }
      }
    ]
  },
  "version": 1
}
