{
  "object": {
    "pins": [
      {
        "package": "Rainbow",
        "repositoryURL": "https://github.com/onevcat/Rainbow.git",
        "state": {
          "branch": null,
          "revision": "711ca908ca19d16e577d575c8d0a48151a16bb1b",
          "version": "4.2.2"
        }
      },
      {
        "package": "swift-argument-parser",
        "repositoryURL": "https://github.com/apple/swift-argument-parser",
        "state": {
          "branch": null,
          "revision": "6a52f3251125d74daf04fcbd5e6f08a75d074382",
          "version": "1.8.2"
        }
      },
      {
        "package": "SwiftSoup",
        "repositoryURL": "https://github.com/scinfu/SwiftSoup.git",
        "state": {
          "branch": null,
          "revision": "18b80329749eca5ea29fc50211dca5c7eff5bfec",
          "version": "2.13.9"
        }
      },
      {
        "package": "XCResultKit",
        "repositoryURL": "https://github.com/davidahouse/XCResultKit.git",
        "state": {
          "branch": null,
          "revision": "d49890579f3fd10253ae3d4ba056b89e76ea971e",
          "version": "1.2.2"
        }
      }
    ]
  },
  "version": 1
}
