// !$*UTF8*$!
{
	archiveVersion = 1;
	classes = {
	};
	objectVersion = 48;
	objects = {

/* Begin PBXBuildFile section */
		0994F3C92175C16A003988B4 /* String+Path.swift in Sources */ = {isa = PBXBuildFile; fileRef = 0994F3C82175C16A003988B4 /* String+Path.swift */; };
		0994F3CB2175C1B7003988B4 /* String+Xml.swift in Sources */ = {isa = PBXBuildFile; fileRef = 0994F3CA2175C1B7003988B4 /* String+Xml.swift */; };
		B12D2AA11FC69B0700DE78C6 /* NSData+GZIP.m in Sources */ = {isa = PBXBuildFile; fileRef = B12D2AA01FC69B0700DE78C6 /* NSData+GZIP.m */; };
		D980EDD4209123E400CABFE7 /* JUnitReport.swift in Sources */ = {isa = PBXBuildFile; fileRef = D980EDD3209123DB00CABFE7 /* JUnitReport.swift */; };
		F30667381F2A0DE900EDE682 /* Logger.swift in Sources */ = {isa = PBXBuildFile; fileRef = F30667371F2A0DE900EDE682 /* Logger.swift */; };
		F30667541F2A1BE200EDE682 /* StringGenerator.swift in Sources */ = {isa = PBXBuildFile; fileRef = F30667501F2A1BB900EDE682 /* StringGenerator.swift */; };
		F30667551F2A1BE200EDE682 /* Style.swift in Sources */ = {isa = PBXBuildFile; fileRef = F30667511F2A1BB900EDE682 /* Style.swift */; };
		F30667561F2A1BE200EDE682 /* XcodeColorsSupport.swift in Sources */ = {isa = PBXBuildFile; fileRef = F30667521F2A1BB900EDE682 /* XcodeColorsSupport.swift */; };
		F306675E1F2A1BEC00EDE682 /* BackgroundColor.swift in Sources */ = {isa = PBXBuildFile; fileRef = F30667471F2A1BB900EDE682 /* BackgroundColor.swift */; };
		F306675F1F2A1BEC00EDE682 /* CodesParser.swift in Sources */ = {isa = PBXBuildFile; fileRef = F30667481F2A1BB900EDE682 /* CodesParser.swift */; };
		F30667601F2A1BEC00EDE682 /* Color.swift in Sources */ = {isa = PBXBuildFile; fileRef = F30667491F2A1BB900EDE682 /* Color.swift */; };
		F30667611F2A1BEC00EDE682 /* ControlCode.swift in Sources */ = {isa = PBXBuildFile; fileRef = F306674A1F2A1BB900EDE682 /* ControlCode.swift */; };
		F30667621F2A1BEC00EDE682 /* ModesExtractor.swift in Sources */ = {isa = PBXBuildFile; fileRef = F306674B1F2A1BB900EDE682 /* ModesExtractor.swift */; };
		F30667631F2A1BEC00EDE682 /* OutputTarget.swift in Sources */ = {isa = PBXBuildFile; fileRef = F306674C1F2A1BB900EDE682 /* OutputTarget.swift */; };
		F30667641F2A1BEC00EDE682 /* Rainbow.swift in Sources */ = {isa = PBXBuildFile; fileRef = F306674E1F2A1BB900EDE682 /* Rainbow.swift */; };
		F30667651F2A1BEC00EDE682 /* String+Rainbow.swift in Sources */ = {isa = PBXBuildFile; fileRef = F306674F1F2A1BB900EDE682 /* String+Rainbow.swift */; };
		F3190E622098647300BC991B /* JUnitRepresentable.swift in Sources */ = {isa = PBXBuildFile; fileRef = F3190E612098647300BC991B /* JUnitRepresentable.swift */; };
		F3190E642098648100BC991B /* XMLRepresentable.swift in Sources */ = {isa = PBXBuildFile; fileRef = F3190E632098648100BC991B /* XMLRepresentable.swift */; };
		F324B4991F22359500B5B8B4 /* main.swift in Sources */ = {isa = PBXBuildFile; fileRef = F324B4981F22359500B5B8B4 /* main.swift */; };
		F324B4A01F22383D00B5B8B4 /* Argument.swift in Sources */ = {isa = PBXBuildFile; fileRef = F324B49F1F22383D00B5B8B4 /* Argument.swift */; };
		F340F8181F2A37B000AECEE2 /* TimeInterval+Time.swift in Sources */ = {isa = PBXBuildFile; fileRef = F340F8171F2A37B000AECEE2 /* TimeInterval+Time.swift */; };
		F34A8F0D1F29934F00831771 /* Command.swift in Sources */ = {isa = PBXBuildFile; fileRef = F34A8F0C1F29934F00831771 /* Command.swift */; };
		F353A1471F9B454D00E5A528 /* Run.swift in Sources */ = {isa = PBXBuildFile; fileRef = F353A1461F9B454D00E5A528 /* Run.swift */; };
		F3AB011B1F23650500334580 /* Activity.swift in Sources */ = {isa = PBXBuildFile; fileRef = F3AB011A1F23650500334580 /* Activity.swift */; };
		F3AB011D1F23659D00334580 /* Attachment.swift in Sources */ = {isa = PBXBuildFile; fileRef = F3AB011C1F23659D00334580 /* Attachment.swift */; };
		F3AB014D1F24600B00334580 /* HTMLTemplates.swift in Sources */ = {isa = PBXBuildFile; fileRef = F3AB014C1F24600B00334580 /* HTMLTemplates.swift */; };
		F3B7EE6A1F2242D200E19B57 /* RunDestination.swift in Sources */ = {isa = PBXBuildFile; fileRef = F3B7EE691F2242D200E19B57 /* RunDestination.swift */; };
		F3B7EE6C1F2242DC00E19B57 /* Summary.swift in Sources */ = {isa = PBXBuildFile; fileRef = F3B7EE6B1F2242DC00E19B57 /* Summary.swift */; };
		F3B7EE6E1F22449100E19B57 /* TargetDevice.swift in Sources */ = {isa = PBXBuildFile; fileRef = F3B7EE6D1F22449100E19B57 /* TargetDevice.swift */; };
		F3B7EE701F2247FA00E19B57 /* TestSummary.swift in Sources */ = {isa = PBXBuildFile; fileRef = F3B7EE6F1F2247FA00E19B57 /* TestSummary.swift */; };
		F3B7EE721F224A4200E19B57 /* Test.swift in Sources */ = {isa = PBXBuildFile; fileRef = F3B7EE711F224A4200E19B57 /* Test.swift */; };
		F3B7EE7E1F233B9C00E19B57 /* HTML.swift in Sources */ = {isa = PBXBuildFile; fileRef = F3B7EE7D1F233B9C00E19B57 /* HTML.swift */; };
/* End PBXBuildFile section */

/* Begin PBXCopyFilesBuildPhase section */
		F324B4931F22359500B5B8B4 /* CopyFiles */ = {
			isa = PBXCopyFilesBuildPhase;
			buildActionMask = 2147483647;
			dstPath = /usr/share/man/man1;
			dstSubfolderSpec = 0;
			files = (
			);
			runOnlyForDeploymentPostprocessing = 1;
		};
/* End PBXCopyFilesBuildPhase section */

/* Begin PBXFileReference section */
		0994F3C82175C16A003988B4 /* String+Path.swift */ = {isa = PBXFileReference; lastKnownFileType = sourcecode.swift; path = "String+Path.swift"; sourceTree = "<group>"; };
		0994F3CA2175C1B7003988B4 /* String+Xml.swift */ = {isa = PBXFileReference; lastKnownFileType = sourcecode.swift; path = "String+Xml.swift"; sourceTree = "<group>"; };
		B12D2A9F1FC69B0700DE78C6 /* NSData+GZIP.h */ = {isa = PBXFileReference; fileEncoding = 4; lastKnownFileType = sourcecode.c.h; path = "NSData+GZIP.h"; sourceTree = "<group>"; };
		B12D2AA01FC69B0700DE78C6 /* NSData+GZIP.m */ = {isa = PBXFileReference; fileEncoding = 4; lastKnownFileType = sourcecode.c.objc; path = "NSData+GZIP.m"; sourceTree = "<group>"; };
		D980EDD3209123DB00CABFE7 /* JUnitReport.swift */ = {isa = PBXFileReference; lastKnownFileType = sourcecode.swift; path = JUnitReport.swift; sourceTree = "<group>"; };
		F30667371F2A0DE900EDE682 /* Logger.swift */ = {isa = PBXFileReference; lastKnownFileType = sourcecode.swift; path = Logger.swift; sourceTree = "<group>"; };
		F30667471F2A1BB900EDE682 /* BackgroundColor.swift */ = {isa = PBXFileReference; lastKnownFileType = sourcecode.swift; path = BackgroundColor.swift; sourceTree = "<group>"; };
		F30667481F2A1BB900EDE682 /* CodesParser.swift */ = {isa = PBXFileReference; lastKnownFileType = sourcecode.swift; path = CodesParser.swift; sourceTree = "<group>"; };
		F30667491F2A1BB900EDE682 /* Color.swift */ = {isa = PBXFileReference; lastKnownFileType = sourcecode.swift; path = Color.swift; sourceTree = "<group>"; };
		F306674A1F2A1BB900EDE682 /* ControlCode.swift */ = {isa = PBXFileReference; lastKnownFileType = sourcecode.swift; path = ControlCode.swift; sourceTree = "<group>"; };
		F306674B1F2A1BB900EDE682 /* ModesExtractor.swift */ = {isa = PBXFileReference; lastKnownFileType = sourcecode.swift; path = ModesExtractor.swift; sourceTree = "<group>"; };
		F306674C1F2A1BB900EDE682 /* OutputTarget.swift */ = {isa = PBXFileReference; lastKnownFileType = sourcecode.swift; path = OutputTarget.swift; sourceTree = "<group>"; };
		F306674E1F2A1BB900EDE682 /* Rainbow.swift */ = {isa = PBXFileReference; lastKnownFileType = sourcecode.swift; path = Rainbow.swift; sourceTree = "<group>"; };
		F306674F1F2A1BB900EDE682 /* String+Rainbow.swift */ = {isa = PBXFileReference; lastKnownFileType = sourcecode.swift; path = "String+Rainbow.swift"; sourceTree = "<group>"; };
		F30667501F2A1BB900EDE682 /* StringGenerator.swift */ = {isa = PBXFileReference; lastKnownFileType = sourcecode.swift; path = StringGenerator.swift; sourceTree = "<group>"; };
		F30667511F2A1BB900EDE682 /* Style.swift */ = {isa = PBXFileReference; lastKnownFileType = sourcecode.swift; path = Style.swift; sourceTree = "<group>"; };
		F30667521F2A1BB900EDE682 /* XcodeColorsSupport.swift */ = {isa = PBXFileReference; lastKnownFileType = sourcecode.swift; path = XcodeColorsSupport.swift; sourceTree = "<group>"; };
		F30753EB209868460079C53E /* activity.html */ = {isa = PBXFileReference; fileEncoding = 4; lastKnownFileType = text.html; path = activity.html; sourceTree = "<group>"; };
		F30753EC209868460079C53E /* text.html */ = {isa = PBXFileReference; fileEncoding = 4; lastKnownFileType = text.html; path = text.html; sourceTree = "<group>"; };
		F30753ED209868460079C53E /* run.html */ = {isa = PBXFileReference; fileEncoding = 4; lastKnownFileType = text.html; path = run.html; sourceTree = "<group>"; };
		F30753EE209868460079C53E /* index.html */ = {isa = PBXFileReference; fileEncoding = 4; lastKnownFileType = text.html; path = index.html; sourceTree = "<group>"; };
		F30753EF209868460079C53E /* screenshot.html */ = {isa = PBXFileReference; fileEncoding = 4; lastKnownFileType = text.html; path = screenshot.html; sourceTree = "<group>"; };
		F30753F0209868460079C53E /* test_summary.html */ = {isa = PBXFileReference; fileEncoding = 4; lastKnownFileType = text.html; path = test_summary.html; sourceTree = "<group>"; };
		F30753F1209868460079C53E /* test.html */ = {isa = PBXFileReference; fileEncoding = 4; lastKnownFileType = text.html; path = test.html; sourceTree = "<group>"; };
		F30753F2209868460079C53E /* device.html */ = {isa = PBXFileReference; fileEncoding = 4; lastKnownFileType = text.html; path = device.html; sourceTree = "<group>"; };
		F3190E612098647300BC991B /* JUnitRepresentable.swift */ = {isa = PBXFileReference; lastKnownFileType = sourcecode.swift; path = JUnitRepresentable.swift; sourceTree = "<group>"; };
		F3190E632098648100BC991B /* XMLRepresentable.swift */ = {isa = PBXFileReference; lastKnownFileType = sourcecode.swift; path = XMLRepresentable.swift; sourceTree = "<group>"; };
		F324B4951F22359500B5B8B4 /* xchtmlreport */ = {isa = PBXFileReference; explicitFileType = "compiled.mach-o.executable"; includeInIndex = 0; path = xchtmlreport; sourceTree = BUILT_PRODUCTS_DIR; };
		F324B4981F22359500B5B8B4 /* main.swift */ = {isa = PBXFileReference; lastKnownFileType = sourcecode.swift; path = main.swift; sourceTree = "<group>"; };
		F324B49F1F22383D00B5B8B4 /* Argument.swift */ = {isa = PBXFileReference; lastKnownFileType = sourcecode.swift; path = Argument.swift; sourceTree = "<group>"; };
		F340F8171F2A37B000AECEE2 /* TimeInterval+Time.swift */ = {isa = PBXFileReference; lastKnownFileType = sourcecode.swift; path = "TimeInterval+Time.swift"; sourceTree = "<group>"; };
		F34A8F0C1F29934F00831771 /* Command.swift */ = {isa = PBXFileReference; lastKnownFileType = sourcecode.swift; path = Command.swift; sourceTree = "<group>"; };
		F353A1461F9B454D00E5A528 /* Run.swift */ = {isa = PBXFileReference; lastKnownFileType = sourcecode.swift; path = Run.swift; sourceTree = "<group>"; };
		F3AB011A1F23650500334580 /* Activity.swift */ = {isa = PBXFileReference; lastKnownFileType = sourcecode.swift; path = Activity.swift; sourceTree = "<group>"; };
		F3AB011C1F23659D00334580 /* Attachment.swift */ = {isa = PBXFileReference; lastKnownFileType = sourcecode.swift; path = Attachment.swift; sourceTree = "<group>"; };
		F3AB014C1F24600B00334580 /* HTMLTemplates.swift */ = {isa = PBXFileReference; lastKnownFileType = sourcecode.swift; path = HTMLTemplates.swift; sourceTree = "<group>"; };
		F3B7EE691F2242D200E19B57 /* RunDestination.swift */ = {isa = PBXFileReference; lastKnownFileType = sourcecode.swift; path = RunDestination.swift; sourceTree = "<group>"; };
		F3B7EE6B1F2242DC00E19B57 /* Summary.swift */ = {isa = PBXFileReference; lastKnownFileType = sourcecode.swift; path = Summary.swift; sourceTree = "<group>"; };
		F3B7EE6D1F22449100E19B57 /* TargetDevice.swift */ = {isa = PBXFileReference; lastKnownFileType = sourcecode.swift; path = TargetDevice.swift; sourceTree = "<group>"; };
		F3B7EE6F1F2247FA00E19B57 /* TestSummary.swift */ = {isa = PBXFileReference; lastKnownFileType = sourcecode.swift; path = TestSummary.swift; sourceTree = "<group>"; };
		F3B7EE711F224A4200E19B57 /* Test.swift */ = {isa = PBXFileReference; lastKnownFileType = sourcecode.swift; path = Test.swift; sourceTree = "<group>"; };
		F3B7EE7D1F233B9C00E19B57 /* HTML.swift */ = {isa = PBXFileReference; lastKnownFileType = sourcecode.swift; path = HTML.swift; sourceTree = "<group>"; };
		F3C058A01F25E74C00EF51E1 /* XCTestHTMLReport-Bridging-Header.h */ = {isa = PBXFileReference; lastKnownFileType = sourcecode.c.h; path = "XCTestHTMLReport-Bridging-Header.h"; sourceTree = "<group>"; };
/* End PBXFileReference section */

/* Begin PBXFrameworksBuildPhase section */
		F324B4921F22359500B5B8B4 /* Frameworks */ = {
			isa = PBXFrameworksBuildPhase;
			buildActionMask = 2147483647;
			files = (
			);
			runOnlyForDeploymentPostprocessing = 0;
		};
/* End PBXFrameworksBuildPhase section */

/* Begin PBXGroup section */
		F30667461F2A1BB900EDE682 /* Rainbow */ = {
			isa = PBXGroup;
			children = (
				F30667471F2A1BB900EDE682 /* BackgroundColor.swift */,
				F30667481F2A1BB900EDE682 /* CodesParser.swift */,
				F30667491F2A1BB900EDE682 /* Color.swift */,
				F306674A1F2A1BB900EDE682 /* ControlCode.swift */,
				F306674B1F2A1BB900EDE682 /* ModesExtractor.swift */,
				F306674C1F2A1BB900EDE682 /* OutputTarget.swift */,
				F306674E1F2A1BB900EDE682 /* Rainbow.swift */,
				F306674F1F2A1BB900EDE682 /* String+Rainbow.swift */,
				F30667501F2A1BB900EDE682 /* StringGenerator.swift */,
				F30667511F2A1BB900EDE682 /* Style.swift */,
				F30667521F2A1BB900EDE682 /* XcodeColorsSupport.swift */,
			);
			path = Rainbow;
			sourceTree = "<group>";
		};
		F30753EA209868460079C53E /* HTML */ = {
			isa = PBXGroup;
			children = (
				F30753EB209868460079C53E /* activity.html */,
				F30753EC209868460079C53E /* text.html */,
				F30753ED209868460079C53E /* run.html */,
				F30753EE209868460079C53E /* index.html */,
				F30753EF209868460079C53E /* screenshot.html */,
				F30753F0209868460079C53E /* test_summary.html */,
				F30753F1209868460079C53E /* test.html */,
				F30753F2209868460079C53E /* device.html */,
			);
			path = HTML;
			sourceTree = "<group>";
		};
		F30753F3209868610079C53E /* Helpers */ = {
			isa = PBXGroup;
			children = (
				F30667371F2A0DE900EDE682 /* Logger.swift */,
			);
			path = Helpers;
			sourceTree = "<group>";
		};
		F3190E602098641500BC991B /* Classes */ = {
			isa = PBXGroup;
			children = (
				F324B4981F22359500B5B8B4 /* main.swift */,
				F3AB014C1F24600B00334580 /* HTMLTemplates.swift */,
				F340F8161F2A37A100AECEE2 /* Extensions */,
				F30753F3209868610079C53E /* Helpers */,
				F3AB014B1F245F2A00334580 /* Models */,
				F34A8F0B1F29900900831771 /* Protocols */,
			);
			path = Classes;
			sourceTree = "<group>";
		};
		F324B48C1F22359500B5B8B4 = {
			isa = PBXGroup;
			children = (
				F324B4971F22359500B5B8B4 /* XCTestHTMLReport */,
				F324B4961F22359500B5B8B4 /* Products */,
			);
			sourceTree = "<group>";
		};
		F324B4961F22359500B5B8B4 /* Products */ = {
			isa = PBXGroup;
			children = (
				F324B4951F22359500B5B8B4 /* xchtmlreport */,
			);
			name = Products;
			sourceTree = "<group>";
		};
		F324B4971F22359500B5B8B4 /* XCTestHTMLReport */ = {
			isa = PBXGroup;
			children = (
				F3190E602098641500BC991B /* Classes */,
				F30753EA209868460079C53E /* HTML */,
				F3C0589F1F25E73C00EF51E1 /* Libraries */,
			);
			path = XCTestHTMLReport;
			sourceTree = "<group>";
		};
		F340F8161F2A37A100AECEE2 /* Extensions */ = {
			isa = PBXGroup;
			children = (
				F340F8171F2A37B000AECEE2 /* TimeInterval+Time.swift */,
				0994F3C82175C16A003988B4 /* String+Path.swift */,
				0994F3CA2175C1B7003988B4 /* String+Xml.swift */,
			);
			path = Extensions;
			sourceTree = "<group>";
		};
		F34A8F0B1F29900900831771 /* Protocols */ = {
			isa = PBXGroup;
			children = (
				F3B7EE7D1F233B9C00E19B57 /* HTML.swift */,
				F3190E612098647300BC991B /* JUnitRepresentable.swift */,
				F3190E632098648100BC991B /* XMLRepresentable.swift */,
			);
			path = Protocols;
			sourceTree = "<group>";
		};
		F3AB014B1F245F2A00334580 /* Models */ = {
			isa = PBXGroup;
			children = (
				F3AB011A1F23650500334580 /* Activity.swift */,
				F324B49F1F22383D00B5B8B4 /* Argument.swift */,
				F3AB011C1F23659D00334580 /* Attachment.swift */,
				F34A8F0C1F29934F00831771 /* Command.swift */,
				D980EDD3209123DB00CABFE7 /* JUnitReport.swift */,
				F353A1461F9B454D00E5A528 /* Run.swift */,
				F3B7EE691F2242D200E19B57 /* RunDestination.swift */,
				F3B7EE6B1F2242DC00E19B57 /* Summary.swift */,
				F3B7EE6D1F22449100E19B57 /* TargetDevice.swift */,
				F3B7EE711F224A4200E19B57 /* Test.swift */,
				F3B7EE6F1F2247FA00E19B57 /* TestSummary.swift */,
			);
			path = Models;
			sourceTree = "<group>";
		};
		F3C0589F1F25E73C00EF51E1 /* Libraries */ = {
			isa = PBXGroup;
			children = (
				F30667461F2A1BB900EDE682 /* Rainbow */,
				B12D2A9F1FC69B0700DE78C6 /* NSData+GZIP.h */,
				B12D2AA01FC69B0700DE78C6 /* NSData+GZIP.m */,
				F3C058A01F25E74C00EF51E1 /* XCTestHTMLReport-Bridging-Header.h */,
			);
			path = Libraries;
			sourceTree = "<group>";
		};
/* End PBXGroup section */

/* Begin PBXNativeTarget section */
		F324B4941F22359500B5B8B4 /* XCTestHTMLReport */ = {
			isa = PBXNativeTarget;
			buildConfigurationList = F324B49C1F22359500B5B8B4 /* Build configuration list for PBXNativeTarget "XCTestHTMLReport" */;
			buildPhases = (
				F3AB014F1F246A5600334580 /* Create Templates */,
				F324B4911F22359500B5B8B4 /* Sources */,
				F324B4921F22359500B5B8B4 /* Frameworks */,
				F324B4931F22359500B5B8B4 /* CopyFiles */,
			);
			buildRules = (
			);
			dependencies = (
			);
			name = XCTestHTMLReport;
			productName = XCTestHTMLReport;
			productReference = F324B4951F22359500B5B8B4 /* xchtmlreport */;
			productType = "com.apple.product-type.tool";
		};
/* End PBXNativeTarget section */

/* Begin PBXProject section */
		F324B48D1F22359500B5B8B4 /* Project object */ = {
			isa = PBXProject;
			attributes = {
				LastSwiftUpdateCheck = 0900;
				LastUpgradeCheck = 1000;
				ORGANIZATIONNAME = Tito;
				TargetAttributes = {
					F324B4941F22359500B5B8B4 = {
						CreatedOnToolsVersion = 9.0;
						LastSwiftMigration = 0900;
					};
				};
			};
			buildConfigurationList = F324B4901F22359500B5B8B4 /* Build configuration list for PBXProject "XCTestHTMLReport" */;
			compatibilityVersion = "Xcode 8.0";
			developmentRegion = en;
			hasScannedForEncodings = 0;
			knownRegions = (
				en,
			);
			mainGroup = F324B48C1F22359500B5B8B4;
			productRefGroup = F324B4961F22359500B5B8B4 /* Products */;
			projectDirPath = "";
			projectRoot = "";
			targets = (
				F324B4941F22359500B5B8B4 /* XCTestHTMLReport */,
			);
		};
/* End PBXProject section */

/* Begin PBXShellScriptBuildPhase section */
		F3AB014F1F246A5600334580 /* Create Templates */ = {
			isa = PBXShellScriptBuildPhase;
			buildActionMask = 2147483647;
			files = (
			);
			inputPaths = (
			);
			name = "Create Templates";
			outputPaths = (
			);
			runOnlyForDeploymentPostprocessing = 0;
			shellPath = /bin/sh;
			shellScript = "echo \"Creating templates\"\n$SRCROOT/Scripts/createTemplates.sh";
		};
/* End PBXShellScriptBuildPhase section */

/* Begin PBXSourcesBuildPhase section */
		F324B4911F22359500B5B8B4 /* Sources */ = {
			isa = PBXSourcesBuildPhase;
			buildActionMask = 2147483647;
			files = (
				F3AB011B1F23650500334580 /* Activity.swift in Sources */,
				F3B7EE7E1F233B9C00E19B57 /* HTML.swift in Sources */,
				F3AB014D1F24600B00334580 /* HTMLTemplates.swift in Sources */,
				F3B7EE6E1F22449100E19B57 /* TargetDevice.swift in Sources */,
				D980EDD4209123E400CABFE7 /* JUnitReport.swift in Sources */,
				F3B7EE701F2247FA00E19B57 /* TestSummary.swift in Sources */,
				F3B7EE6C1F2242DC00E19B57 /* Summary.swift in Sources */,
				F306675E1F2A1BEC00EDE682 /* BackgroundColor.swift in Sources */,
				B12D2AA11FC69B0700DE78C6 /* NSData+GZIP.m in Sources */,
				F3AB011D1F23659D00334580 /* Attachment.swift in Sources */,
				F324B4A01F22383D00B5B8B4 /* Argument.swift in Sources */,
				F340F8181F2A37B000AECEE2 /* TimeInterval+Time.swift in Sources */,
				F324B4991F22359500B5B8B4 /* main.swift in Sources */,
				F306675F1F2A1BEC00EDE682 /* CodesParser.swift in Sources */,
				F3190E642098648100BC991B /* XMLRepresentable.swift in Sources */,
				F30667631F2A1BEC00EDE682 /* OutputTarget.swift in Sources */,
				F34A8F0D1F29934F00831771 /* Command.swift in Sources */,
				F30667601F2A1BEC00EDE682 /* Color.swift in Sources */,
				F30667381F2A0DE900EDE682 /* Logger.swift in Sources */,
				F30667611F2A1BEC00EDE682 /* ControlCode.swift in Sources */,
				F3B7EE721F224A4200E19B57 /* Test.swift in Sources */,
				F353A1471F9B454D00E5A528 /* Run.swift in Sources */,
				F30667641F2A1BEC00EDE682 /* Rainbow.swift in Sources */,
				F30667551F2A1BE200EDE682 /* Style.swift in Sources */,
				F30667651F2A1BEC00EDE682 /* String+Rainbow.swift in Sources */,
				F3190E622098647300BC991B /* JUnitRepresentable.swift in Sources */,
				F30667561F2A1BE200EDE682 /* XcodeColorsSupport.swift in Sources */,
				F30667621F2A1BEC00EDE682 /* ModesExtractor.swift in Sources */,
				F30667541F2A1BE200EDE682 /* StringGenerator.swift in Sources */,
				F3B7EE6A1F2242D200E19B57 /* RunDestination.swift in Sources */,
				0994F3CB2175C1B7003988B4 /* String+Xml.swift in Sources */,
				0994F3C92175C16A003988B4 /* String+Path.swift in Sources */,
			);
			runOnlyForDeploymentPostprocessing = 0;
		};
/* End PBXSourcesBuildPhase section */

/* Begin XCBuildConfiguration section */
		F324B49A1F22359500B5B8B4 /* Debug */ = {
			isa = XCBuildConfiguration;
			buildSettings = {
				ALWAYS_SEARCH_USER_PATHS = NO;
				CLANG_ANALYZER_NONNULL = YES;
				CLANG_ANALYZER_NUMBER_OBJECT_CONVERSION = YES_AGGRESSIVE;
				CLANG_CXX_LANGUAGE_STANDARD = "gnu++14";
				CLANG_CXX_LIBRARY = "libc++";
				CLANG_ENABLE_MODULES = YES;
				CLANG_ENABLE_OBJC_ARC = YES;
				CLANG_WARN_BLOCK_CAPTURE_AUTORELEASING = YES;
				CLANG_WARN_BOOL_CONVERSION = YES;
				CLANG_WARN_COMMA = YES;
				CLANG_WARN_CONSTANT_CONVERSION = YES;
				CLANG_WARN_DEPRECATED_OBJC_IMPLEMENTATIONS = YES;
				CLANG_WARN_DIRECT_OBJC_ISA_USAGE = YES_ERROR;
				CLANG_WARN_DOCUMENTATION_COMMENTS = YES;
				CLANG_WARN_EMPTY_BODY = YES;
				CLANG_WARN_ENUM_CONVERSION = YES;
				CLANG_WARN_INFINITE_RECURSION = YES;
				CLANG_WARN_INT_CONVERSION = YES;
				CLANG_WARN_NON_LITERAL_NULL_CONVERSION = YES;
				CLANG_WARN_OBJC_IMPLICIT_RETAIN_SELF = YES;
				CLANG_WARN_OBJC_LITERAL_CONVERSION = YES;
				CLANG_WARN_OBJC_ROOT_CLASS = YES_ERROR;
				CLANG_WARN_RANGE_LOOP_ANALYSIS = YES;
				CLANG_WARN_STRICT_PROTOTYPES = YES;
				CLANG_WARN_SUSPICIOUS_MOVE = YES;
				CLANG_WARN_UNGUARDED_AVAILABILITY = YES_AGGRESSIVE;
				CLANG_WARN_UNREACHABLE_CODE = YES;
				CLANG_WARN__DUPLICATE_METHOD_MATCH = YES;
				CODE_SIGN_IDENTITY = "";
				COPY_PHASE_STRIP = NO;
				DEBUG_INFORMATION_FORMAT = dwarf;
				ENABLE_STRICT_OBJC_MSGSEND = YES;
				ENABLE_TESTABILITY = YES;
				GCC_C_LANGUAGE_STANDARD = gnu11;
				GCC_DYNAMIC_NO_PIC = NO;
				GCC_NO_COMMON_BLOCKS = YES;
				GCC_OPTIMIZATION_LEVEL = 0;
				GCC_PREPROCESSOR_DEFINITIONS = (
					"DEBUG=1",
					"$(inherited)",
				);
				GCC_WARN_64_TO_32_BIT_CONVERSION = YES;
				GCC_WARN_ABOUT_RETURN_TYPE = YES_ERROR;
				GCC_WARN_UNDECLARED_SELECTOR = YES;
				GCC_WARN_UNINITIALIZED_AUTOS = YES_AGGRESSIVE;
				GCC_WARN_UNUSED_FUNCTION = YES;
				GCC_WARN_UNUSED_VARIABLE = YES;
				MACOSX_DEPLOYMENT_TARGET = 10.12;
				MTL_ENABLE_DEBUG_INFO = YES;
				ONLY_ACTIVE_ARCH = YES;
				SDKROOT = macosx;
				SWIFT_ACTIVE_COMPILATION_CONDITIONS = DEBUG;
				SWIFT_OPTIMIZATION_LEVEL = "-Onone";
			};
			name = Debug;
		};
		F324B49B1F22359500B5B8B4 /* Release */ = {
			isa = XCBuildConfiguration;
			buildSettings = {
				ALWAYS_SEARCH_USER_PATHS = NO;
				CLANG_ANALYZER_NONNULL = YES;
				CLANG_ANALYZER_NUMBER_OBJECT_CONVERSION = YES_AGGRESSIVE;
				CLANG_CXX_LANGUAGE_STANDARD = "gnu++14";
				CLANG_CXX_LIBRARY = "libc++";
				CLANG_ENABLE_MODULES = YES;
				CLANG_ENABLE_OBJC_ARC = YES;
				CLANG_WARN_BLOCK_CAPTURE_AUTORELEASING = YES;
				CLANG_WARN_BOOL_CONVERSION = YES;
				CLANG_WARN_COMMA = YES;
				CLANG_WARN_CONSTANT_CONVERSION = YES;
				CLANG_WARN_DEPRECATED_OBJC_IMPLEMENTATIONS = YES;
				CLANG_WARN_DIRECT_OBJC_ISA_USAGE = YES_ERROR;
				CLANG_WARN_DOCUMENTATION_COMMENTS = YES;
				CLANG_WARN_EMPTY_BODY = YES;
				CLANG_WARN_ENUM_CONVERSION = YES;
				CLANG_WARN_INFINITE_RECURSION = YES;
				CLANG_WARN_INT_CONVERSION = YES;
				CLANG_WARN_NON_LITERAL_NULL_CONVERSION = YES;
				CLANG_WARN_OBJC_IMPLICIT_RETAIN_SELF = YES;
				CLANG_WARN_OBJC_LITERAL_CONVERSION = YES;
				CLANG_WARN_OBJC_ROOT_CLASS = YES_ERROR;
				CLANG_WARN_RANGE_LOOP_ANALYSIS = YES;
				CLANG_WARN_STRICT_PROTOTYPES = YES;
				CLANG_WARN_SUSPICIOUS_MOVE = YES;
				CLANG_WARN_UNGUARDED_AVAILABILITY = YES_AGGRESSIVE;
				CLANG_WARN_UNREACHABLE_CODE = YES;
				CLANG_WARN__DUPLICATE_METHOD_MATCH = YES;
				CODE_SIGN_IDENTITY = "";
				COPY_PHASE_STRIP = NO;
				DEBUG_INFORMATION_FORMAT = "dwarf-with-dsym";
				ENABLE_NS_ASSERTIONS = NO;
				ENABLE_STRICT_OBJC_MSGSEND = YES;
				GCC_C_LANGUAGE_STANDARD = gnu11;
				GCC_NO_COMMON_BLOCKS = YES;
				GCC_WARN_64_TO_32_BIT_CONVERSION = YES;
				GCC_WARN_ABOUT_RETURN_TYPE = YES_ERROR;
				GCC_WARN_UNDECLARED_SELECTOR = YES;
				GCC_WARN_UNINITIALIZED_AUTOS = YES_AGGRESSIVE;
				GCC_WARN_UNUSED_FUNCTION = YES;
				GCC_WARN_UNUSED_VARIABLE = YES;
				MACOSX_DEPLOYMENT_TARGET = 10.12;
				MTL_ENABLE_DEBUG_INFO = NO;
				SDKROOT = macosx;
				SWIFT_OPTIMIZATION_LEVEL = "-Owholemodule";
			};
			name = Release;
		};
		F324B49D1F22359500B5B8B4 /* Debug */ = {
			isa = XCBuildConfiguration;
			buildSettings = {
				CLANG_ENABLE_MODULES = YES;
				CONFIGURATION_BUILD_DIR = "$(SRCROOT)/..";
				DEVELOPMENT_TEAM = "";
				LD_RUNPATH_SEARCH_PATHS = "$(inherited) @executable_path/../Frameworks @loader_path/../Frameworks";
				PRODUCT_NAME = xchtmlreport;
				SWIFT_OBJC_BRIDGING_HEADER = "XCTestHTMLReport/Libraries/XCTestHTMLReport-Bridging-Header.h";
				SWIFT_OPTIMIZATION_LEVEL = "-Onone";
				SWIFT_VERSION = 4.0;
				SYMROOT = "$(SRCROOT)/..";
			};
			name = Debug;
		};
		F324B49E1F22359500B5B8B4 /* Release */ = {
			isa = XCBuildConfiguration;
			buildSettings = {
				CLANG_ENABLE_MODULES = YES;
				CONFIGURATION_BUILD_DIR = "$(SRCROOT)/..";
				DEVELOPMENT_TEAM = "";
				LD_RUNPATH_SEARCH_PATHS = "$(inherited) @executable_path/../Frameworks @loader_path/../Frameworks";
				PRODUCT_NAME = xchtmlreport;
				SWIFT_OBJC_BRIDGING_HEADER = "XCTestHTMLReport/Libraries/XCTestHTMLReport-Bridging-Header.h";
				SWIFT_VERSION = 4.0;
				SYMROOT = "$(SRCROOT)/..";
			};
			name = Release;
		};
/* End XCBuildConfiguration section */

/* Begin XCConfigurationList section */
		F324B4901F22359500B5B8B4 /* Build configuration list for PBXProject "XCTestHTMLReport" */ = {
			isa = XCConfigurationList;
			buildConfigurations = (
				F324B49A1F22359500B5B8B4 /* Debug */,
				F324B49B1F22359500B5B8B4 /* Release */,
			);
			defaultConfigurationIsVisible = 0;
			defaultConfigurationName = Release;
		};
		F324B49C1F22359500B5B8B4 /* Build configuration list for PBXNativeTarget "XCTestHTMLReport" */ = {
			isa = XCConfigurationList;
			buildConfigurations = (
				F324B49D1F22359500B5B8B4 /* Debug */,
				F324B49E1F22359500B5B8B4 /* Release */,
			);
			defaultConfigurationIsVisible = 0;
			defaultConfigurationName = Release;
		};
/* End XCConfigurationList section */
	};
	rootObject = F324B48D1F22359500B5B8B4 /* Project object */;
}
